
Microsoft Visual Studio Solution File, Format Version 12.00
# Visual Studio Version 17
VisualStudioVersion = 17.9.34622.214
MinimumVisualStudioVersion = 10.0.40219.1
Project("{FAE04EC0-301F-11D3-BF4B-00C04F79EFBC}") = "LoginAutomation.Tests", "LoginAutomation.Tests.csproj", "{F8F9BC77-53E7-47A5-AFDD-509A51DE7B1A}"
EndProject
Global
	GlobalSection(SolutionConfigurationPlatforms) = preSolution
		Debug|Any CPU = Debug|Any CPU
		Release|Any CPU = Release|Any CPU
	EndGlobalSection
	GlobalSection(ProjectConfigurationPlatforms) = postSolution
		{F8F9BC77-53E7-47A5-AFDD-509A51DE7B1A}.Debug|Any CPU.ActiveCfg = Debug|Any CPU
		{F8F9BC77-53E7-47A5-AFDD-509A51DE7B1A}.Debug|Any CPU.Build.0 = Debug|Any CPU
		{F8F9BC77-53E7-47A5-AFDD-509A51DE7B1A}.Release|Any CPU.ActiveCfg = Release|Any CPU
		{F8F9BC77-53E7-47A5-AFDD-509A51DE7B1A}.Release|Any CPU.Build.0 = Release|Any CPU
	EndGlobalSection
	GlobalSection(SolutionProperties) = preSolution
		HideSolutionNode = FALSE
	EndGlobalSection
	GlobalSection(ExtensibilityGlobals) = postSolution
		SolutionGuid = {AF9692DD-B975-41E1-8DF5-3A8B226DFED9}
	EndGlobalSection
EndGlobal
